
Microsoft Visual Studio Solution File, Format Version 12.00
# Visual Studio Version 17
VisualStudioVersion = 17.2.32630.192
MinimumVisualStudioVersion = 10.0.40219.1
Project("{FAE04EC0-301F-11D3-BF4B-00C04F79EFBC}") = "Gamba", "Gamba\Gamba.csproj", "{21763043-AFCE-4B81-A21A-7857654455D9}"
EndProject
Project("{FAE04EC0-301F-11D3-BF4B-00C04F79EFBC}") = "Gamba.Tests", "Gamba.Tests\Gamba.Tests.csproj", "{682B4DFD-BAC3-46E3-9510-A0B7AC59A08C}"
EndProject
Global
	GlobalSection(SolutionConfigurationPlatforms) = preSolution
		Debug|Any CPU = Debug|Any CPU
		Release|Any CPU = Release|Any CPU
	EndGlobalSection
	GlobalSection(ProjectConfigurationPlatforms) = postSolution
		{21763043-AFCE-4B81-A21A-7857654455D9}.Debug|Any CPU.ActiveCfg = Debug|Any CPU
		{21763043-AFCE-4B81-A21A-7857654455D9}.Debug|Any CPU.Build.0 = Debug|Any CPU
		{21763043-AFCE-4B81-A21A-7857654455D9}.Release|Any CPU.ActiveCfg = Release|Any CPU
		{21763043-AFCE-4B81-A21A-7857654455D9}.Release|Any CPU.Build.0 = Release|Any CPU
		{682B4DFD-BAC3-46E3-9510-A0B7AC59A08C}.Debug|Any CPU.ActiveCfg = Debug|Any CPU
		{682B4DFD-BAC3-46E3-9510-A0B7AC59A08C}.Debug|Any CPU.Build.0 = Debug|Any CPU
		{682B4DFD-BAC3-46E3-9510-A0B7AC59A08C}.Release|Any CPU.ActiveCfg = Release|Any CPU
		{682B4DFD-BAC3-46E3-9510-A0B7AC59A08C}.Release|Any CPU.Build.0 = Release|Any CPU
	EndGlobalSection
	GlobalSection(SolutionProperties) = preSolution
		HideSolutionNode = FALSE
	EndGlobalSection
	GlobalSection(ExtensibilityGlobals) = postSolution
		SolutionGuid = {FD23845A-529D-42E8-9D79-966ECF044B62}
	EndGlobalSection
EndGlobal
